
Microsoft Visual Studio Solution File, Format Version 12.00
# Visual Studio Version 17
VisualStudioVersion = 17.1.32421.90
MinimumVisualStudioVersion = 10.0.40219.1
Project("{FAE04EC0-301F-11D3-BF4B-00C04F79EFBC}") = "TerraformingMod", "TerraformingMod\TerraformingMod.csproj", "{9BDCEC2F-6B2C-4857-B43D-F9267482716A}"
EndProject
Global
	GlobalSection(SolutionConfigurationPlatforms) = preSolution
		Debug|Any CPU = Debug|Any CPU
		Release|Any CPU = Release|Any CPU
	EndGlobalSection
	GlobalSection(ProjectConfigurationPlatforms) = postSolution
		{9BDCEC2F-6B2C-4857-B43D-F9267482716A}.Debug|Any CPU.ActiveCfg = Debug|Any CPU
		{9BDCEC2F-6B2C-4857-B43D-F9267482716A}.Debug|Any CPU.Build.0 = Debug|Any CPU
		{9BDCEC2F-6B2C-4857-B43D-F9267482716A}.Release|Any CPU.ActiveCfg = Release|Any CPU
		{9BDCEC2F-6B2C-4857-B43D-F9267482716A}.Release|Any CPU.Build.0 = Release|Any CPU
	EndGlobalSection
	GlobalSection(SolutionProperties) = preSolution
		HideSolutionNode = FALSE
	EndGlobalSection
	GlobalSection(ExtensibilityGlobals) = postSolution
		SolutionGuid = {9FD3F388-5625-4938-B6E9-1BA4E3CF2C92}
	EndGlobalSection
EndGlobal
